
Microsoft Visual Studio Solution File, Format Version 12.00
# Visual Studio 2013
VisualStudioVersion = 12.0.30723.0
MinimumVisualStudioVersion = 10.0.40219.1
Project("{FAE04EC0-301F-11D3-BF4B-00C04F79EFBC}") = "AjaxCall", "AjaxCall\AjaxCall.csproj", "{94870BB5-1DE4-4BED-A49A-8523FAB24DB8}"
EndProject
Project("{FAE04EC0-301F-11D3-BF4B-00C04F79EFBC}") = "Logic", "Logic\Logic.csproj", "{C1E2FBA3-E8BA-4821-AE95-617B06CD2279}"
EndProject
Global
	GlobalSection(SolutionConfigurationPlatforms) = preSolution
		Debug|Any CPU = Debug|Any CPU
		Release|Any CPU = Release|Any CPU
	EndGlobalSection
	GlobalSection(ProjectConfigurationPlatforms) = postSolution
		{94870BB5-1DE4-4BED-A49A-8523FAB24DB8}.Debug|Any CPU.ActiveCfg = Debug|Any CPU
		{94870BB5-1DE4-4BED-A49A-8523FAB24DB8}.Debug|Any CPU.Build.0 = Debug|Any CPU
		{94870BB5-1DE4-4BED-A49A-8523FAB24DB8}.Release|Any CPU.ActiveCfg = Release|Any CPU
		{94870BB5-1DE4-4BED-A49A-8523FAB24DB8}.Release|Any CPU.Build.0 = Release|Any CPU
		{C1E2FBA3-E8BA-4821-AE95-617B06CD2279}.Debug|Any CPU.ActiveCfg = Debug|Any CPU
		{C1E2FBA3-E8BA-4821-AE95-617B06CD2279}.Debug|Any CPU.Build.0 = Debug|Any CPU
		{C1E2FBA3-E8BA-4821-AE95-617B06CD2279}.Release|Any CPU.ActiveCfg = Release|Any CPU
		{C1E2FBA3-E8BA-4821-AE95-617B06CD2279}.Release|Any CPU.Build.0 = Release|Any CPU
	EndGlobalSection
	GlobalSection(SolutionProperties) = preSolution
		HideSolutionNode = FALSE
	EndGlobalSection
EndGlobal
